<Solution>
  <Folder Name="/Konu1_Veri_Tipleri/">
    <Project Path="260108_2_Tam_Sayi_Degiskenler/260108_2_Tam_Sayi_Degiskenler.csproj" Id="44e1b770-2652-4754-a8a9-6240450e1247" />
    <Project Path="260108_3_Ondalik_Degiskenler/260108_3_Ondalik_Degiskenler.csproj" Id="983f2664-716e-4d14-9fc0-c6bb910cda4f" />
    <Project Path="260108_4_Metinsel_Degiskenler/260108_4_Metinsel_Degiskenler.csproj" Id="e70462e2-61d8-423a-925b-b3bf663e3d80" />
    <Project Path="260109_1_Tarih_Veri_Tipi/260109_1_Tarih_Veri_Tipi.csproj" Id="f93f84c4-9029-48e7-9a59-fd5ac56596fa" />
    <Project Path="260109_2_Mantiksal_Veri_Tipi/260109_2_Mantiksal_Veri_Tipi.csproj" Id="4cc64011-8adf-4657-9b37-9703fb77607d" />
    <Project Path="260109_3_Diger_Data_Tipleri/260109_3_Diger_Data_Tipleri.csproj" Id="3f8a2046-37e9-428f-88af-dd7b97fffa70" />
  </Folder>
  <Folder Name="/Konu2_Tip_Donusumleri/">
    <Project Path="260109_4_Convert_Tip_Donusumu/260109_4_Convert_Tip_Donusumu.csproj" Id="2db67ee8-7d55-434b-b744-82040b865d5b" />
    <Project Path="260113_1_Parse_Tip_Donusumu/260113_1_Parse_Tip_Donusumu.csproj" Id="e25081af-3d58-48a3-a5e6-860359d3add7" />
    <Project Path="260113_2_Cast_Tip_Donusumu/260113_2_Cast_Tip_Donusumu.csproj" Id="f773ff9f-ca9f-45ca-bb6c-bea375bae47e" />
    <Project Path="260113_3_Tostring_Tip_Donusumu/260113_3_Tostring_Tip_Donusumu.csproj" Id="d894e77c-cf03-4d0c-b11a-4d620eeac2e0" />
    <Project Path="260113_4_Ornek/260113_4_Ornek.csproj" Id="2edf28d0-2bfa-4e38-abf0-25ce22be5563" />
    <Project Path="260113_5_Odevler/260113_5_Odevler.csproj" />
  </Folder>
  <Folder Name="/Konu3_Operatorler/">
    <Project Path="260115_1_Aritmetik_Operatorler/260115_1_Aritmetik_Operatorler.csproj" Id="9f7957b2-d82c-43c7-a8eb-a0f0bf00cfe1" />
    <Project Path="260115_2_Karsilastirma_Operatorleri/260115_2_Karsilastirma_Operatorleri.csproj" Id="180b8e52-bee3-49ae-a3bf-7afb5299d73c" />
    <Project Path="260115_4_Ornek_Operatorler/260115_4_Ornek_Operatorler.csproj" Id="86aca6f9-0b9f-49ab-abd2-5fc16f772236" />
    <Project Path="260116_2_Odevler/260116_2_Odevler.csproj" Id="76643cb5-a760-458a-90c8-b9d176b79341" />
  </Folder>
  <Folder Name="/Konu4_Karar_Yapilari/">
    <Project Path="260120_6_Odev_if_elseif_else/260120_6_Odev_if_elseif_else.csproj" Id="6e4e4be9-793a-4262-8e24-a71a576dad6a" />
  </Folder>
  <Folder Name="/Konu5_Donguler_Diziler/">
    <Project Path="260123_6_while_ornek2/260123_6_while_ornek2.csproj" Id="4a32148b-9789-4efc-b4fd-c6e544439388" />
    <Project Path="260127_3_do_while_ornek1/260127_3_do_while_ornek1.csproj" Id="a55bfddf-78e9-41c1-bf1d-58c003151f62" />
  </Folder>
  <Project Path="260108_1_Giris_Console/260108_1_Giris_Console.csproj" Id="0e10f2d3-7785-4b78-beb0-fad720b9a749" />
</Solution>
