<Solution>
  <Folder Name="/Konu1_Veri_Tipleri/">
    <Project Path="260108_2_Tam_Sayi_Degiskenler/260108_2_Tam_Sayi_Degiskenler.csproj" Id="44e1b770-2652-4754-a8a9-6240450e1247" />
    <Project Path="260108_3_Ondalik_Degiskenler/260108_3_Ondalik_Degiskenler.csproj" Id="983f2664-716e-4d14-9fc0-c6bb910cda4f" />
    <Project Path="260108_4_Metinsel_Degiskenler/260108_4_Metinsel_Degiskenler.csproj" Id="e70462e2-61d8-423a-925b-b3bf663e3d80" />
    <Project Path="260109_1_Tarih_Veri_Tipi/260109_1_Tarih_Veri_Tipi.csproj" Id="f93f84c4-9029-48e7-9a59-fd5ac56596fa" />
    <Project Path="260109_2_Mantiksal_Veri_Tipi/260109_2_Mantiksal_Veri_Tipi.csproj" Id="4cc64011-8adf-4657-9b37-9703fb77607d" />
    <Project Path="260109_3_Diger_Data_Tipleri/260109_3_Diger_Data_Tipleri.csproj" Id="3f8a2046-37e9-428f-88af-dd7b97fffa70" />
  </Folder>
  <Folder Name="/Konu2_Tip_Donusumleri/">
    <Project Path="260109_4_Convert_Tip_Donusumu/260109_4_Convert_Tip_Donusumu.csproj" Id="2db67ee8-7d55-434b-b744-82040b865d5b" />
    <Project Path="260113_1_Parse_Tip_Donusumu/260113_1_Parse_Tip_Donusumu.csproj" Id="e25081af-3d58-48a3-a5e6-860359d3add7" />
    <Project Path="260113_2_Cast_Tip_Donusumu/260113_2_Cast_Tip_Donusumu.csproj" Id="f773ff9f-ca9f-45ca-bb6c-bea375bae47e" />
    <Project Path="260113_3_Tostring_Tip_Donusumu/260113_3_Tostring_Tip_Donusumu.csproj" Id="d894e77c-cf03-4d0c-b11a-4d620eeac2e0" />
    <Project Path="260113_4_Ornek/260113_4_Ornek.csproj" Id="2edf28d0-2bfa-4e38-abf0-25ce22be5563" />
    <Project Path="260113_5_Odevler/260113_5_Odevler.csproj" />
  </Folder>
  <Folder Name="/Konu3_Operatorler/">
    <Project Path="260115_1_Aritmetik_Operatorler/260115_1_Aritmetik_Operatorler.csproj" Id="9f7957b2-d82c-43c7-a8eb-a0f0bf00cfe1" />
    <Project Path="260115_2_Karsilastirma_Operatorleri/260115_2_Karsilastirma_Operatorleri.csproj" Id="180b8e52-bee3-49ae-a3bf-7afb5299d73c" />
    <Project Path="260115_3_Mantiksal_Operatorler/260115_3_Mantiksal_Operatorler.csproj" Id="0b6de48a-ae5f-40cc-aa9e-bdd63f41cd9b" />
    <Project Path="260115_4_Ornek_Operatorler/260115_4_Ornek_Operatorler.csproj" Id="86aca6f9-0b9f-49ab-abd2-5fc16f772236" />
    <Project Path="260116_1_Atama_Operatorleri/260116_1_Atama_Operatorleri.csproj" Id="0df76327-3f49-45d7-bd18-994909ee7340" />
    <Project Path="260116_2_Odevler/260116_2_Odevler.csproj" Id="76643cb5-a760-458a-90c8-b9d176b79341" />
  </Folder>
  <Folder Name="/Konu4_Karar_Yapilari/">
    <Project Path="260120_1_Tanim/260120_1_Tanim.csproj" Id="093cb879-8b42-4f91-848b-582190c8fd66" />
    <Project Path="260120_2_if_else_ornek/260120_2_if_else_ornek.csproj" Id="634868d4-cf74-48a3-84dd-8759686547ec" />
    <Project Path="260120_3_if_else_Login/260120_3_if_else_Login.csproj" Id="380009b7-528d-4db8-b918-b706791be0bd" />
    <Project Path="260120_4_if_else_maas_cinsiyet/260120_4_if_else_maas_cinsiyet.csproj" Id="a83d7ec7-57b7-4724-87fb-035bd0cae77d" />
    <Project Path="260120_5_if_elseif_else_tanim/260120_5_if_elseif_else_tanim.csproj" Id="dd6d7ace-42f6-4ba8-9fb4-73573330c26a" />
    <Project Path="260120_6_Odev_if_elseif_else/260120_6_Odev_if_elseif_else.csproj" Id="6e4e4be9-793a-4262-8e24-a71a576dad6a" />
    <Project Path="260121_1_if_elseif_else_fatura/260121_1_if_elseif_else_fatura.csproj" Id="52ab700c-cd0a-4cec-8d3d-312ea84d6a8f" />
    <Project Path="260121_2_siralama/260121_2_siralama.csproj" Id="4dd83a98-ca77-4b1c-92f3-fda37eda4696" />
    <Project Path="260121_3_emekli_if_elseif_else/260121_3_emekli_if_elseif_else.csproj" Id="29e6a924-11fc-4304-a350-0af2e4bee1ef" />
    <Project Path="260121_4_maas_zam/260121_4_maas_zam.csproj" Id="5130fa42-47e0-42f4-a4d5-0387370a5daf" />
    <Project Path="260123_1_switch_case/260123_1_switch_case.csproj" Id="7d053109-ee6c-4171-bdb7-10eba65dc064" />
    <Project Path="260123_2_switch_case_ornek1/260123_2_switch_case_ornek1.csproj" Id="937ca2c3-c538-4980-ab45-e01395fd8bd4" />
    <Project Path="260123_3_ternary_operatoru/260123_3_ternary_operatoru.csproj" Id="ab403cfc-94b9-4162-aee8-53584b0a0a28" />
  </Folder>
  <Folder Name="/Konu5_Donguler_Diziler/">
    <Project Path="260123_4_while/260123_4_while.csproj" Id="aa447412-1ac2-46ef-91c1-97d6e48f5c45" />
    <Project Path="260123_5_while_ornek1/260123_5_while_ornek1.csproj" Id="7025f7c8-a2d8-492d-829d-9c45b501532e" />
    <Project Path="260123_6_while_ornek2/260123_6_while_ornek2.csproj" Id="4a32148b-9789-4efc-b4fd-c6e544439388" />
    <Project Path="260127_1_Super_sayi_While/260127_1_Super_sayi_While.csproj" Id="8d4c93e9-4102-432e-aab4-0408aa3ac59b" />
    <Project Path="260127_2_do_while/260127_2_do_while.csproj" Id="a161b33f-6b80-459b-a05f-b209d47a1829" />
    <Project Path="260127_3_do_while_ornek1/260127_3_do_while_ornek1.csproj" Id="a55bfddf-78e9-41c1-bf1d-58c003151f62" />
    <Project Path="260129_1_for_Dongusu/260129_1_for_Dongusu.csproj" Id="838d8810-4a11-40f3-8eda-08140d97b11e" />
    <Project Path="260129_2_for_ornek1/260129_2_for_ornek1.csproj" Id="cd5bcf00-5651-4b2a-93c5-46a7ac8646b6" />
    <Project Path="260129_3_for_ornek2/260129_3_for_ornek2.csproj" Id="6ede1476-867b-4e5a-96d3-d75d06e710ea" />
    <Project Path="260129_4_for_ters_gosterme/260129_4_for_ters_gosterme.csproj" Id="4b4ac8a8-c19b-46e2-936c-d2050381b675" />
    <Project Path="260129_5_for_dik_ucgen/260129_5_for_dik_ucgen.csproj" Id="4e4cd382-c151-4e4d-b13e-8d29a262c381" />
    <Project Path="260129_6_for_dik_ucgen_ters_say/260129_6_for_dik_ucgen_ters_say.csproj" Id="97ceec8f-8eda-433c-b523-b4584c419b06" />
    <Project Path="260129_7_ters_dik_ucgen_for/260129_7_ters_dik_ucgen_for.csproj" Id="4b1002a3-adfc-421a-b05f-7d56648a0527" />
    <Project Path="260130_1_Diziler/260130_1_Diziler.csproj" Id="556e40e2-21a1-46d6-9ecd-466433ef212d" />
    <Project Path="260130_2_dizi_ornek1/260130_2_dizi_ornek1.csproj" Id="9726277a-e6c2-4745-982c-317a96d415d3" />
    <Project Path="260130_3_dizi_while/260130_3_dizi_while.csproj" Id="412ee43a-d92e-4572-abbf-4f4d712df5f5" />
    <Project Path="260130_4_dizi_ornek3/260130_4_dizi_ornek3.csproj" Id="6cf132f2-0703-4210-a528-0615baff710d" />
    <Project Path="260130_5_dizi_ornek/260130_5_dizi_ornek.csproj" Id="8b2e1e51-c3df-4fed-a647-bf19b26d535c" />
    <Project Path="260130_6_dizi_random/260130_6_dizi_random.csproj" Id="e0dac0d7-82c4-4fcc-9fb6-45d3b7a5e5f0" />
    <Project Path="260130_7_Diziler_Odev/260130_7_Diziler_Odev.csproj" Id="959dc767-b624-4cd1-87cd-e8f6cc46d4fe" />
  </Folder>
  <Folder Name="/Konu6_Collection_foreach/">
    <Project Path="260203_1_Collection/260203_1_Collection.csproj" Id="e52d886f-bce2-451b-aaed-ce5e29a22793" />
    <Project Path="260205_1_foreach_tanim/260205_1_foreach_tanim.csproj" Id="e6f15bc9-31ed-4b07-9c34-aa686e934d51" />
    <Project Path="260205_2_collection/260205_2_collection.csproj" Id="d8a426ef-d9b5-4051-b2f9-4a085ab76c71" />
    <Project Path="260205_3_collection_ornek1/260205_3_collection_ornek1.csproj" Id="111139d8-2a92-41bc-97ac-11184e46ce13" />
  </Folder>
  <Folder Name="/Konu7_Method_function/">
    <Project Path="260206_1_method_tanim/260206_1_method_tanim.csproj" Id="a028a2b8-4fe0-4bff-bdf8-d4d33fcd9fc9" />
    <Project Path="260206_2_deger_dondurmeneyen_void_method/260206_2_deger_dondurmeneyen_void_method.csproj" Id="98da5132-fcf4-47a7-bb8a-a6da758f808f" />
    <Project Path="260206_3_deger_donduren_return_method/260206_3_deger_donduren_return_method.csproj" Id="9a6d40ec-4bdb-4eba-833f-05713c4510ff" />
    <Project Path="260206_4_method_ornekler/260206_4_method_ornekler.csproj" Id="b9f78f04-9690-4e04-831f-d09c87bd21bc" />
    <Project Path="260210_1_Collection_Odev_Cozumu/260210_1_Collection_Odev_Cozumu.csproj" Id="68c98907-684a-49da-ba68-2a8063e60aa0" />
    <Project Path="260210_2_Method_Ornek1/260210_2_Method_Ornek1.csproj" Id="ebf58869-1beb-4604-9f80-7aa1dee94a38" />
    <Project Path="260210_3_ Method_Ornek2/260210_3_ Method_Ornek2.csproj" Id="22e93d73-b12b-4504-9b9e-612ac8c7bb33" />
    <Project Path="260212_1_method_elektrik_fatura_ornek/260212_1_method_elektrik_fatura_ornek.csproj" Id="3074a21b-963d-4600-be87-8003fec90bd3" />
    <Project Path="260212_2_Emekli_method_ornek/260212_2_Emekli_method_ornek.csproj" Id="5db814ad-83d7-4616-a7da-b957257feda5" />
  </Folder>
  <Project Path="260108_1_Giris_Console/260108_1_Giris_Console.csproj" Id="0e10f2d3-7785-4b78-beb0-fad720b9a749" />
</Solution>
